
Microsoft Visual Studio Solution File, Format Version 12.00
# Visual Studio 15
VisualStudioVersion = 15.0.28307.645
MinimumVisualStudioVersion = 10.0.40219.1
Project("{FAE04EC0-301F-11D3-BF4B-00C04F79EFBC}") = "CpPresentacion", "CpPresentacion\CpPresentacion.csproj", "{E102A158-AB76-4773-BD8A-84F21FF56F49}"
EndProject
Project("{FAE04EC0-301F-11D3-BF4B-00C04F79EFBC}") = "CpNegocio", "CpNegocio\CpNegocio.csproj", "{33A9773B-9B85-45EA-9EC0-60E609EEE5BC}"
EndProject
Project("{FAE04EC0-301F-11D3-BF4B-00C04F79EFBC}") = "CpPersitencia", "CpPersitencia\CpPersitencia.csproj", "{9FF927BB-2366-40EB-9EC7-B36B1238C670}"
EndProject
Project("{FAE04EC0-301F-11D3-BF4B-00C04F79EFBC}") = "Entidades", "Entidades\Entidades.csproj", "{F2CD9B8E-BAEF-4D07-88A6-2AE22315D4E9}"
EndProject
Global
	GlobalSection(SolutionConfigurationPlatforms) = preSolution
		Debug|Any CPU = Debug|Any CPU
		Release|Any CPU = Release|Any CPU
	EndGlobalSection
	GlobalSection(ProjectConfigurationPlatforms) = postSolution
		{E102A158-AB76-4773-BD8A-84F21FF56F49}.Debug|Any CPU.ActiveCfg = Debug|Any CPU
		{E102A158-AB76-4773-BD8A-84F21FF56F49}.Debug|Any CPU.Build.0 = Debug|Any CPU
		{E102A158-AB76-4773-BD8A-84F21FF56F49}.Release|Any CPU.ActiveCfg = Release|Any CPU
		{E102A158-AB76-4773-BD8A-84F21FF56F49}.Release|Any CPU.Build.0 = Release|Any CPU
		{33A9773B-9B85-45EA-9EC0-60E609EEE5BC}.Debug|Any CPU.ActiveCfg = Debug|Any CPU
		{33A9773B-9B85-45EA-9EC0-60E609EEE5BC}.Debug|Any CPU.Build.0 = Debug|Any CPU
		{33A9773B-9B85-45EA-9EC0-60E609EEE5BC}.Release|Any CPU.ActiveCfg = Release|Any CPU
		{33A9773B-9B85-45EA-9EC0-60E609EEE5BC}.Release|Any CPU.Build.0 = Release|Any CPU
		{9FF927BB-2366-40EB-9EC7-B36B1238C670}.Debug|Any CPU.ActiveCfg = Debug|Any CPU
		{9FF927BB-2366-40EB-9EC7-B36B1238C670}.Debug|Any CPU.Build.0 = Debug|Any CPU
		{9FF927BB-2366-40EB-9EC7-B36B1238C670}.Release|Any CPU.ActiveCfg = Release|Any CPU
		{9FF927BB-2366-40EB-9EC7-B36B1238C670}.Release|Any CPU.Build.0 = Release|Any CPU
		{F2CD9B8E-BAEF-4D07-88A6-2AE22315D4E9}.Debug|Any CPU.ActiveCfg = Debug|Any CPU
		{F2CD9B8E-BAEF-4D07-88A6-2AE22315D4E9}.Debug|Any CPU.Build.0 = Debug|Any CPU
		{F2CD9B8E-BAEF-4D07-88A6-2AE22315D4E9}.Release|Any CPU.ActiveCfg = Release|Any CPU
		{F2CD9B8E-BAEF-4D07-88A6-2AE22315D4E9}.Release|Any CPU.Build.0 = Release|Any CPU
	EndGlobalSection
	GlobalSection(SolutionProperties) = preSolution
		HideSolutionNode = FALSE
	EndGlobalSection
	GlobalSection(ExtensibilityGlobals) = postSolution
		SolutionGuid = {A0C0FA96-E4BE-4FB6-88A3-38C69A7939DB}
	EndGlobalSection
EndGlobal
